github.com/keep94/common v1.0.0 h1:hX4MySTB6EidCCxDjcwbCmq56xjQAasTpCEY6eBxlCA=
github.com/keep94/common v1.0.0/go.mod h1:EntqjOWDwp8pluIIK921uIKHuHXbbv/odR/yz+YZf3M=
github.com/keep94/gofunctional3 v1.0.0 h1:1OccHeUS6m0r/5CxdfWLgffLsytppVny9KuXyD3n9gY=
github.com/keep94/gofunctional3 v1.0.0/go.mod h1:rImP7wOgyBnOls7RQzR60luYfyR4Efrl4U96K8BJlRQ=
