github.com/keep94/common v1.0.1 h1:C2/fluO5iy1PJMugMFlwr9Hahjklg6AzTOnmgRQ0K9I=
github.com/keep94/common v1.0.1/go.mod h1:EntqjOWDwp8pluIIK921uIKHuHXbbv/odR/yz+YZf3M=
github.com/keep94/gofunctional3 v1.0.2 h1:yC3YZegvDypG9awmpd7B1bCzUFenv6KHbzTLl1d2Na4=
github.com/keep94/gofunctional3 v1.0.2/go.mod h1:+WzYLYUYOlZUKLxiVqanGW7FLpto7M1hYJwh16QavkM=
